
Microsoft Visual Studio Solution File, Format Version 12.00
# Visual Studio Version 16
VisualStudioVersion = 16.0.29519.181
MinimumVisualStudioVersion = 10.0.40219.1
Project("{FAE04EC0-301F-11D3-BF4B-00C04F79EFBC}") = "CreateXMLDoc", "CreateXMLDoc\CreateXMLDoc.csproj", "{8C040957-3847-488C-81F0-AEFB475BD8B4}"
EndProject
Global
	GlobalSection(SolutionConfigurationPlatforms) = preSolution
		Debug|Any CPU = Debug|Any CPU
		Release|Any CPU = Release|Any CPU
	EndGlobalSection
	GlobalSection(ProjectConfigurationPlatforms) = postSolution
		{8C040957-3847-488C-81F0-AEFB475BD8B4}.Debug|Any CPU.ActiveCfg = Debug|Any CPU
		{8C040957-3847-488C-81F0-AEFB475BD8B4}.Debug|Any CPU.Build.0 = Debug|Any CPU
		{8C040957-3847-488C-81F0-AEFB475BD8B4}.Release|Any CPU.ActiveCfg = Release|Any CPU
		{8C040957-3847-488C-81F0-AEFB475BD8B4}.Release|Any CPU.Build.0 = Release|Any CPU
	EndGlobalSection
	GlobalSection(SolutionProperties) = preSolution
		HideSolutionNode = FALSE
	EndGlobalSection
	GlobalSection(ExtensibilityGlobals) = postSolution
		SolutionGuid = {72E6381B-E062-4625-9492-B476E4D041AE}
	EndGlobalSection
EndGlobal
